{
  "name": "auth-mern-app",
  "lockfileVersion": 3,
  "requires": true,
  "packages": {
    "": {
      "devDependencies": {
        "@types/otp-generator": "^4.0.1"
      }
    },
    "node_modules/@types/otp-generator": {
      "version": "4.0.1",
      "resolved": "https://registry.npmjs.org/@types/otp-generator/-/otp-generator-4.0.1.tgz",
      "integrity": "sha512-U+ZUCGHKU/DOMW/UXIh9Isi2yvLsyUMA0mE6j0O7xL4czkNGHcr76Q9PeBMoJNKZ2LhdivAzsi18Y2y10/x1JQ==",
      "dev": true
    }
  }
}
